
Microsoft Visual Studio Solution File, Format Version 12.00
# Visual Studio Version 16
VisualStudioVersion = 16.0.31702.278
MinimumVisualStudioVersion = 10.0.40219.1
Project("{FAE04EC0-301F-11D3-BF4B-00C04F79EFBC}") = "Business", "Business\Business.csproj", "{A2F97A59-9C51-472F-831A-6A0D496FDEF1}"
EndProject
Project("{FAE04EC0-301F-11D3-BF4B-00C04F79EFBC}") = "DataAccess", "DataAccess\DataAccess.csproj", "{4FD12C7B-0A9E-4B82-BCF7-B4CB46061311}"
EndProject
Project("{FAE04EC0-301F-11D3-BF4B-00C04F79EFBC}") = "Core", "Core\Core.csproj", "{B58FCE31-EB8E-45A4-A038-45EBBA1EB537}"
EndProject
Project("{FAE04EC0-301F-11D3-BF4B-00C04F79EFBC}") = "Entities", "Entities\Entities.csproj", "{3AF78C0B-42F2-4A36-881B-E0BAA4FDAFCF}"
EndProject
Project("{FAE04EC0-301F-11D3-BF4B-00C04F79EFBC}") = "WebAPI", "WebAPI\WebAPI.csproj", "{596F1D3A-5341-4AE3-ABA1-C4519DB3C0CE}"
EndProject
Global
	GlobalSection(SolutionConfigurationPlatforms) = preSolution
		Debug|Any CPU = Debug|Any CPU
		Release|Any CPU = Release|Any CPU
	EndGlobalSection
	GlobalSection(ProjectConfigurationPlatforms) = postSolution
		{A2F97A59-9C51-472F-831A-6A0D496FDEF1}.Debug|Any CPU.ActiveCfg = Debug|Any CPU
		{A2F97A59-9C51-472F-831A-6A0D496FDEF1}.Debug|Any CPU.Build.0 = Debug|Any CPU
		{A2F97A59-9C51-472F-831A-6A0D496FDEF1}.Release|Any CPU.ActiveCfg = Release|Any CPU
		{A2F97A59-9C51-472F-831A-6A0D496FDEF1}.Release|Any CPU.Build.0 = Release|Any CPU
		{4FD12C7B-0A9E-4B82-BCF7-B4CB46061311}.Debug|Any CPU.ActiveCfg = Debug|Any CPU
		{4FD12C7B-0A9E-4B82-BCF7-B4CB46061311}.Debug|Any CPU.Build.0 = Debug|Any CPU
		{4FD12C7B-0A9E-4B82-BCF7-B4CB46061311}.Release|Any CPU.ActiveCfg = Release|Any CPU
		{4FD12C7B-0A9E-4B82-BCF7-B4CB46061311}.Release|Any CPU.Build.0 = Release|Any CPU
		{B58FCE31-EB8E-45A4-A038-45EBBA1EB537}.Debug|Any CPU.ActiveCfg = Debug|Any CPU
		{B58FCE31-EB8E-45A4-A038-45EBBA1EB537}.Debug|Any CPU.Build.0 = Debug|Any CPU
		{B58FCE31-EB8E-45A4-A038-45EBBA1EB537}.Release|Any CPU.ActiveCfg = Release|Any CPU
		{B58FCE31-EB8E-45A4-A038-45EBBA1EB537}.Release|Any CPU.Build.0 = Release|Any CPU
		{3AF78C0B-42F2-4A36-881B-E0BAA4FDAFCF}.Debug|Any CPU.ActiveCfg = Debug|Any CPU
		{3AF78C0B-42F2-4A36-881B-E0BAA4FDAFCF}.Debug|Any CPU.Build.0 = Debug|Any CPU
		{3AF78C0B-42F2-4A36-881B-E0BAA4FDAFCF}.Release|Any CPU.ActiveCfg = Release|Any CPU
		{3AF78C0B-42F2-4A36-881B-E0BAA4FDAFCF}.Release|Any CPU.Build.0 = Release|Any CPU
		{596F1D3A-5341-4AE3-ABA1-C4519DB3C0CE}.Debug|Any CPU.ActiveCfg = Debug|Any CPU
		{596F1D3A-5341-4AE3-ABA1-C4519DB3C0CE}.Debug|Any CPU.Build.0 = Debug|Any CPU
		{596F1D3A-5341-4AE3-ABA1-C4519DB3C0CE}.Release|Any CPU.ActiveCfg = Release|Any CPU
		{596F1D3A-5341-4AE3-ABA1-C4519DB3C0CE}.Release|Any CPU.Build.0 = Release|Any CPU
	EndGlobalSection
	GlobalSection(SolutionProperties) = preSolution
		HideSolutionNode = FALSE
	EndGlobalSection
	GlobalSection(ExtensibilityGlobals) = postSolution
		SolutionGuid = {1975E55E-7EDB-4EBB-A79F-7AC454C047FA}
	EndGlobalSection
EndGlobal
